{
  "name": "twopine-fundament",
  "version": "1.0.0",
  "lockfileVersion": 2,
  "requires": true,
  "packages": {
    "": {
      "name": "twopine-fundament",
      "version": "1.0.0",
      "license": "ISC",
      "dependencies": {
        "twopine-components": "^0.0.2"
      }
    },
    "node_modules/twopine-components": {
      "version": "0.0.2",
      "resolved": "https://registry.npmjs.org/twopine-components/-/twopine-components-0.0.2.tgz",
      "integrity": "sha512-jMatN5Da2hSFAP+F6lQrG5u6Eg1xEPFiv5Tdh4QBxZiF9z2p+VZBqEnuzgbgQZNF7/UZJqVBtyppwojiC7nkuw=="
    }
  },
  "dependencies": {
    "twopine-components": {
      "version": "0.0.2",
      "resolved": "https://registry.npmjs.org/twopine-components/-/twopine-components-0.0.2.tgz",
      "integrity": "sha512-jMatN5Da2hSFAP+F6lQrG5u6Eg1xEPFiv5Tdh4QBxZiF9z2p+VZBqEnuzgbgQZNF7/UZJqVBtyppwojiC7nkuw=="
    }
  }
}
